PODS:
  - Flutter (1.0.0)
  - flutter_statusbarcolor (0.0.1):
    - Flutter
  - url_launcher (0.0.1):
    - Flutter
  - webview_flutter (0.0.1):
    - Flutter

DEPENDENCIES:
  - Flutter (from `.symlinks/flutter/ios-release`)
  - flutter_statusbarcolor (from `.symlinks/plugins/flutter_statusbarcolor/ios`)
  - url_launcher (from `.symlinks/plugins/url_launcher/ios`)
  - webview_flutter (from `.symlinks/plugins/webview_flutter/ios`)

EXTERNAL SOURCES:
  Flutter:
    :path: ".symlinks/flutter/ios-release"
  flutter_statusbarcolor:
    :path: ".symlinks/plugins/flutter_statusbarcolor/ios"
  url_launcher:
    :path: ".symlinks/plugins/url_launcher/ios"
  webview_flutter:
    :path: ".symlinks/plugins/webview_flutter/ios"

SPEC CHECKSUMS:
  Flutter: 9d0fac939486c9aba2809b7982dfdbb47a7b0296
  flutter_statusbarcolor: ccc8f90efe5e571f817aaed60dac5382d2cec98d
  url_launcher: 92b89c1029a0373879933c21642958c874539095
  webview_flutter: 9bd234c07e99632356cba112df56fd1d47d6b6e3

PODFILE CHECKSUM: ebd43b443038e611b86ede96e613bd6033c49497

COCOAPODS: 1.5.3
